// !$*UTF8*$!
{
	archiveVersion = 1;
	classes = {
	};
	objectVersion = 56;
	objects = {

/* Begin PBXBuildFile section */
		998B2DD22AE82F570088126C /* profaileApp.swift in Sources */ = {isa = PBXBuildFile; fileRef = 998B2DD12AE82F570088126C /* profaileApp.swift */; };
		998B2DD42AE82F570088126C /* ContentView.swift in Sources */ = {isa = PBXBuildFile; fileRef = 998B2DD32AE82F570088126C /* ContentView.swift */; };
		998B2DD62AE82F5A0088126C /* Assets.xcassets in Resources */ = {isa = PBXBuildFile; fileRef = 998B2DD52AE82F5A0088126C /* Assets.xcassets */; };
		998B2DD92AE82F5A0088126C /* Preview Assets.xcassets in Resources */ = {isa = PBXBuildFile; fileRef = 998B2DD82AE82F5A0088126C /* Preview Assets.xcassets */; };
		998B2DE32AE82F5A0088126C /* profaileTests.swift in Sources */ = {isa = PBXBuildFile; fileRef = 998B2DE22AE82F5A0088126C /* profaileTests.swift */; };
		998B2DED2AE82F5A0088126C /* profaileUITests.swift in Sources */ = {isa = PBXBuildFile; fileRef = 998B2DEC2AE82F5A0088126C /* profaileUITests.swift */; };
		998B2DEF2AE82F5A0088126C /* profaileUITestsLaunchTests.swift in Sources */ = {isa = PBXBuildFile; fileRef = 998B2DEE2AE82F5A0088126C /* profaileUITestsLaunchTests.swift */; };
/* End PBXBuildFile section */

/* Begin PBXContainerItemProxy section */
		998B2DDF2AE82F5A0088126C /* PBXContainerItemProxy */ = {
			isa = PBXContainerItemProxy;
			containerPortal = 998B2DC62AE82F570088126C /* Project object */;
			proxyType = 1;
			remoteGlobalIDString = 998B2DCD2AE82F570088126C;
			remoteInfo = profaile;
		};
		998B2DE92AE82F5A0088126C /* PBXContainerItemProxy */ = {
			isa = PBXContainerItemProxy;
			containerPortal = 998B2DC62AE82F570088126C /* Project object */;
			proxyType = 1;
			remoteGlobalIDString = 998B2DCD2AE82F570088126C;
			remoteInfo = profaile;
		};
/* End PBXContainerItemProxy section */

/* Begin PBXFileReference section */
		998B2DCE2AE82F570088126C /* profaile.app */ = {isa = PBXFileReference; explicitFileType = wrapper.application; includeInIndex = 0; path = profaile.app; sourceTree = BUILT_PRODUCTS_DIR; };
		998B2DD12AE82F570088126C /* profaileApp.swift */ = {isa = PBXFileReference; lastKnownFileType = sourcecode.swift; path = profaileApp.swift; sourceTree = "<group>"; };
		998B2DD32AE82F570088126C /* ContentView.swift */ = {isa = PBXFileReference; lastKnownFileType = sourcecode.swift; path = ContentView.swift; sourceTree = "<group>"; };
		998B2DD52AE82F5A0088126C /* Assets.xcassets */ = {isa = PBXFileReference; lastKnownFileType = folder.assetcatalog; path = Assets.xcassets; sourceTree = "<group>"; };
		998B2DD82AE82F5A0088126C /* Preview Assets.xcassets */ = {isa = PBXFileReference; lastKnownFileType = folder.assetcatalog; path = "Preview Assets.xcassets"; sourceTree = "<group>"; };
		998B2DDE2AE82F5A0088126C /* profaileTests.xctest */ = {isa = PBXFileReference; explicitFileType = wrapper.cfbundle; includeInIndex = 0; path = profaileTests.xctest; sourceTree = BUILT_PRODUCTS_DIR; };
		998B2DE22AE82F5A0088126C /* profaileTests.swift */ = {isa = PBXFileReference; lastKnownFileType = sourcecode.swift; path = profaileTests.swift; sourceTree = "<group>"; };
		998B2DE82AE82F5A0088126C /* profaileUITests.xctest */ = {isa = PBXFileReference; explicitFileType = wrapper.cfbundle; includeInIndex = 0; path = profaileUITests.xctest; sourceTree = BUILT_PRODUCTS_DIR; };
		998B2DEC2AE82F5A0088126C /* profaileUITests.swift */ = {isa = PBXFileReference; lastKnownFileType = sourcecode.swift; path = profaileUITests.swift; sourceTree = "<group>"; };
		998B2DEE2AE82F5A0088126C /* profaileUITestsLaunchTests.swift */ = {isa = PBXFileReference; lastKnownFileType = sourcecode.swift; path = profaileUITestsLaunchTests.swift; sourceTree = "<group>"; };
/* End PBXFileReference section */

/* Begin PBXFrameworksBuildPhase section */
		998B2DCB2AE82F570088126C /* Frameworks */ = {
			isa = PBXFrameworksBuildPhase;
			buildActionMask = 2147483647;
			files = (
			);
			runOnlyForDeploymentPostprocessing = 0;
		};
		998B2DDB2AE82F5A0088126C /* Frameworks */ = {
			isa = PBXFrameworksBuildPhase;
			buildActionMask = 2147483647;
			files = (
			);
			runOnlyForDeploymentPostprocessing = 0;
		};
		998B2DE52AE82F5A0088126C /* Frameworks */ = {
			isa = PBXFrameworksBuildPhase;
			buildActionMask = 2147483647;
			files = (
			);
			runOnlyForDeploymentPostprocessing = 0;
		};
/* End PBXFrameworksBuildPhase section */

/* Begin PBXGroup section */
		998B2DC52AE82F570088126C = {
			isa = PBXGroup;
			children = (
				998B2DD02AE82F570088126C /* profaile */,
				998B2DE12AE82F5A0088126C /* profaileTests */,
				998B2DEB2AE82F5A0088126C /* profaileUITests */,
				998B2DCF2AE82F570088126C /* Products */,
			);
			sourceTree = "<group>";
		};
		998B2DCF2AE82F570088126C /* Products */ = {
			isa = PBXGroup;
			children = (
				998B2DCE2AE82F570088126C /* profaile.app */,
				998B2DDE2AE82F5A0088126C /* profaileTests.xctest */,
				998B2DE82AE82F5A0088126C /* profaileUITests.xctest */,
			);
			name = Products;
			sourceTree = "<group>";
		};
		998B2DD02AE82F570088126C /* profaile */ = {
			isa = PBXGroup;
			children = (
				998B2DD12AE82F570088126C /* profaileApp.swift */,
				998B2DD32AE82F570088126C /* ContentView.swift */,
				998B2DD52AE82F5A0088126C /* Assets.xcassets */,
				998B2DD72AE82F5A0088126C /* Preview Content */,
			);
			path = profaile;
			sourceTree = "<group>";
		};
		998B2DD72AE82F5A0088126C /* Preview Content */ = {
			isa = PBXGroup;
			children = (
				998B2DD82AE82F5A0088126C /* Preview Assets.xcassets */,
			);
			path = "Preview Content";
			sourceTree = "<group>";
		};
		998B2DE12AE82F5A0088126C /* profaileTests */ = {
			isa = PBXGroup;
			children = (
				998B2DE22AE82F5A0088126C /* profaileTests.swift */,
			);
			path = profaileTests;
			sourceTree = "<group>";
		};
		998B2DEB2AE82F5A0088126C /* profaileUITests */ = {
			isa = PBXGroup;
			children = (
				998B2DEC2AE82F5A0088126C /* profaileUITests.swift */,
				998B2DEE2AE82F5A0088126C /* profaileUITestsLaunchTests.swift */,
			);
			path = profaileUITests;
			sourceTree = "<group>";
		};
/* End PBXGroup section */

/* Begin PBXNativeTarget section */
		998B2DCD2AE82F570088126C /* profaile */ = {
			isa = PBXNativeTarget;
			buildConfigurationList = 998B2DF22AE82F5A0088126C /* Build configuration list for PBXNativeTarget "profaile" */;
			buildPhases = (
				998B2DCA2AE82F570088126C /* Sources */,
				998B2DCB2AE82F570088126C /* Frameworks */,
				998B2DCC2AE82F570088126C /* Resources */,
			);
			buildRules = (
			);
			dependencies = (
			);
			name = profaile;
			productName = profaile;
			productReference = 998B2DCE2AE82F570088126C /* profaile.app */;
			productType = "com.apple.product-type.application";
		};
		998B2DDD2AE82F5A0088126C /* profaileTests */ = {
			isa = PBXNativeTarget;
			buildConfigurationList = 998B2DF52AE82F5A0088126C /* Build configuration list for PBXNativeTarget "profaileTests" */;
			buildPhases = (
				998B2DDA2AE82F5A0088126C /* Sources */,
				998B2DDB2AE82F5A0088126C /* Frameworks */,
				998B2DDC2AE82F5A0088126C /* Resources */,
			);
			buildRules = (
			);
			dependencies = (
				998B2DE02AE82F5A0088126C /* PBXTargetDependency */,
			);
			name = profaileTests;
			productName = profaileTests;
			productReference = 998B2DDE2AE82F5A0088126C /* profaileTests.xctest */;
			productType = "com.apple.product-type.bundle.unit-test";
		};
		998B2DE72AE82F5A0088126C /* profaileUITests */ = {
			isa = PBXNativeTarget;
			buildConfigurationList = 998B2DF82AE82F5A0088126C /* Build configuration list for PBXNativeTarget "profaileUITests" */;
			buildPhases = (
				998B2DE42AE82F5A0088126C /* Sources */,
				998B2DE52AE82F5A0088126C /* Frameworks */,
				998B2DE62AE82F5A0088126C /* Resources */,
			);
			buildRules = (
			);
			dependencies = (
				998B2DEA2AE82F5A0088126C /* PBXTargetDependency */,
			);
			name = profaileUITests;
			productName = profaileUITests;
			productReference = 998B2DE82AE82F5A0088126C /* profaileUITests.xctest */;
			productType = "com.apple.product-type.bundle.ui-testing";
		};
/* End PBXNativeTarget section */

/* Begin PBXProject section */
		998B2DC62AE82F570088126C /* Project object */ = {
			isa = PBXProject;
			attributes = {
				BuildIndependentTargetsInParallel = 1;
				LastSwiftUpdateCheck = 1430;
				LastUpgradeCheck = 1430;
				TargetAttributes = {
					998B2DCD2AE82F570088126C = {
						CreatedOnToolsVersion = 14.3.1;
					};
					998B2DDD2AE82F5A0088126C = {
						CreatedOnToolsVersion = 14.3.1;
						TestTargetID = 998B2DCD2AE82F570088126C;
					};
					998B2DE72AE82F5A0088126C = {
						CreatedOnToolsVersion = 14.3.1;
						TestTargetID = 998B2DCD2AE82F570088126C;
					};
				};
			};
			buildConfigurationList = 998B2DC92AE82F570088126C /* Build configuration list for PBXProject "profaile" */;
			compatibilityVersion = "Xcode 14.0";
			developmentRegion = en;
			hasScannedForEncodings = 0;
			knownRegions = (
				en,
				Base,
			);
			mainGroup = 998B2DC52AE82F570088126C;
			productRefGroup = 998B2DCF2AE82F570088126C /* Products */;
			projectDirPath = "";
			projectRoot = "";
			targets = (
				998B2DCD2AE82F570088126C /* profaile */,
				998B2DDD2AE82F5A0088126C /* profaileTests */,
				998B2DE72AE82F5A0088126C /* profaileUITests */,
			);
		};
/* End PBXProject section */

/* Begin PBXResourcesBuildPhase section */
		998B2DCC2AE82F570088126C /* Resources */ = {
			isa = PBXResourcesBuildPhase;
			buildActionMask = 2147483647;
			files = (
				998B2DD92AE82F5A0088126C /* Preview Assets.xcassets in Resources */,
				998B2DD62AE82F5A0088126C /* Assets.xcassets in Resources */,
			);
			runOnlyForDeploymentPostprocessing = 0;
		};
		998B2DDC2AE82F5A0088126C /* Resources */ = {
			isa = PBXResourcesBuildPhase;
			buildActionMask = 2147483647;
			files = (
			);
			runOnlyForDeploymentPostprocessing = 0;
		};
		998B2DE62AE82F5A0088126C /* Resources */ = {
			isa = PBXResourcesBuildPhase;
			buildActionMask = 2147483647;
			files = (
			);
			runOnlyForDeploymentPostprocessing = 0;
		};
/* End PBXResourcesBuildPhase section */

/* Begin PBXSourcesBuildPhase section */
		998B2DCA2AE82F570088126C /* Sources */ = {
			isa = PBXSourcesBuildPhase;
			buildActionMask = 2147483647;
			files = (
				998B2DD42AE82F570088126C /* ContentView.swift in Sources */,
				998B2DD22AE82F570088126C /* profaileApp.swift in Sources */,
			);
			runOnlyForDeploymentPostprocessing = 0;
		};
		998B2DDA2AE82F5A0088126C /* Sources */ = {
			isa = PBXSourcesBuildPhase;
			buildActionMask = 2147483647;
			files = (
				998B2DE32AE82F5A0088126C /* profaileTests.swift in Sources */,
			);
			runOnlyForDeploymentPostprocessing = 0;
		};
		998B2DE42AE82F5A0088126C /* Sources */ = {
			isa = PBXSourcesBuildPhase;
			buildActionMask = 2147483647;
			files = (
				998B2DEF2AE82F5A0088126C /* profaileUITestsLaunchTests.swift in Sources */,
				998B2DED2AE82F5A0088126C /* profaileUITests.swift in Sources */,
			);
			runOnlyForDeploymentPostprocessing = 0;
		};
/* End PBXSourcesBuildPhase section */

/* Begin PBXTargetDependency section */
		998B2DE02AE82F5A0088126C /* PBXTargetDependency */ = {
			isa = PBXTargetDependency;
			target = 998B2DCD2AE82F570088126C /* profaile */;
			targetProxy = 998B2DDF2AE82F5A0088126C /* PBXContainerItemProxy */;
		};
		998B2DEA2AE82F5A0088126C /* PBXTargetDependency */ = {
			isa = PBXTargetDependency;
			target = 998B2DCD2AE82F570088126C /* profaile */;
			targetProxy = 998B2DE92AE82F5A0088126C /* PBXContainerItemProxy */;
		};
/* End PBXTargetDependency section */

/* Begin XCBuildConfiguration section */
		998B2DF02AE82F5A0088126C /* Debug */ = {
			isa = XCBuildConfiguration;
			buildSettings = {
				ALWAYS_SEARCH_USER_PATHS = NO;
				CLANG_ANALYZER_NONNULL = YES;
				CLANG_ANALYZER_NUMBER_OBJECT_CONVERSION = YES_AGGRESSIVE;
				CLANG_CXX_LANGUAGE_STANDARD = "gnu++20";
				CLANG_ENABLE_MODULES = YES;
				CLANG_ENABLE_OBJC_ARC = YES;
				CLANG_ENABLE_OBJC_WEAK = YES;
				CLANG_WARN_BLOCK_CAPTURE_AUTORELEASING = YES;
				CLANG_WARN_BOOL_CONVERSION = YES;
				CLANG_WARN_COMMA = YES;
				CLANG_WARN_CONSTANT_CONVERSION = YES;
				CLANG_WARN_DEPRECATED_OBJC_IMPLEMENTATIONS = YES;
				CLANG_WARN_DIRECT_OBJC_ISA_USAGE = YES_ERROR;
				CLANG_WARN_DOCUMENTATION_COMMENTS = YES;
				CLANG_WARN_EMPTY_BODY = YES;
				CLANG_WARN_ENUM_CONVERSION = YES;
				CLANG_WARN_INFINITE_RECURSION = YES;
				CLANG_WARN_INT_CONVERSION = YES;
				CLANG_WARN_NON_LITERAL_NULL_CONVERSION = YES;
				CLANG_WARN_OBJC_IMPLICIT_RETAIN_SELF = YES;
				CLANG_WARN_OBJC_LITERAL_CONVERSION = YES;
				CLANG_WARN_OBJC_ROOT_CLASS = YES_ERROR;
				CLANG_WARN_QUOTED_INCLUDE_IN_FRAMEWORK_HEADER = YES;
				CLANG_WARN_RANGE_LOOP_ANALYSIS = YES;
				CLANG_WARN_STRICT_PROTOTYPES = YES;
				CLANG_WARN_SUSPICIOUS_MOVE = YES;
				CLANG_WARN_UNGUARDED_AVAILABILITY = YES_AGGRESSIVE;
				CLANG_WARN_UNREACHABLE_CODE = YES;
				CLANG_WARN__DUPLICATE_METHOD_MATCH = YES;
				COPY_PHASE_STRIP = NO;
				DEBUG_INFORMATION_FORMAT = dwarf;
				ENABLE_STRICT_OBJC_MSGSEND = YES;
				ENABLE_TESTABILITY = YES;
				GCC_C_LANGUAGE_STANDARD = gnu11;
				GCC_DYNAMIC_NO_PIC = NO;
				GCC_NO_COMMON_BLOCKS = YES;
				GCC_OPTIMIZATION_LEVEL = 0;
				GCC_PREPROCESSOR_DEFINITIONS = (
					"DEBUG=1",
					"$(inherited)",
				);
				GCC_WARN_64_TO_32_BIT_CONVERSION = YES;
				GCC_WARN_ABOUT_RETURN_TYPE = YES_ERROR;
				GCC_WARN_UNDECLARED_SELECTOR = YES;
				GCC_WARN_UNINITIALIZED_AUTOS = YES_AGGRESSIVE;
				GCC_WARN_UNUSED_FUNCTION = YES;
				GCC_WARN_UNUSED_VARIABLE = YES;
				IPHONEOS_DEPLOYMENT_TARGET = 16.4;
				MTL_ENABLE_DEBUG_INFO = INCLUDE_SOURCE;
				MTL_FAST_MATH = YES;
				ONLY_ACTIVE_ARCH = YES;
				SDKROOT = iphoneos;
				SWIFT_ACTIVE_COMPILATION_CONDITIONS = DEBUG;
				SWIFT_OPTIMIZATION_LEVEL = "-Onone";
			};
			name = Debug;
		};
		998B2DF12AE82F5A0088126C /* Release */ = {
			isa = XCBuildConfiguration;
			buildSettings = {
				ALWAYS_SEARCH_USER_PATHS = NO;
				CLANG_ANALYZER_NONNULL = YES;
				CLANG_ANALYZER_NUMBER_OBJECT_CONVERSION = YES_AGGRESSIVE;
				CLANG_CXX_LANGUAGE_STANDARD = "gnu++20";
				CLANG_ENABLE_MODULES = YES;
				CLANG_ENABLE_OBJC_ARC = YES;
				CLANG_ENABLE_OBJC_WEAK = YES;
				CLANG_WARN_BLOCK_CAPTURE_AUTORELEASING = YES;
				CLANG_WARN_BOOL_CONVERSION = YES;
				CLANG_WARN_COMMA = YES;
				CLANG_WARN_CONSTANT_CONVERSION = YES;
				CLANG_WARN_DEPRECATED_OBJC_IMPLEMENTATIONS = YES;
				CLANG_WARN_DIRECT_OBJC_ISA_USAGE = YES_ERROR;
				CLANG_WARN_DOCUMENTATION_COMMENTS = YES;
				CLANG_WARN_EMPTY_BODY = YES;
				CLANG_WARN_ENUM_CONVERSION = YES;
				CLANG_WARN_INFINITE_RECURSION = YES;
				CLANG_WARN_INT_CONVERSION = YES;
				CLANG_WARN_NON_LITERAL_NULL_CONVERSION = YES;
				CLANG_WARN_OBJC_IMPLICIT_RETAIN_SELF = YES;
				CLANG_WARN_OBJC_LITERAL_CONVERSION = YES;
				CLANG_WARN_OBJC_ROOT_CLASS = YES_ERROR;
				CLANG_WARN_QUOTED_INCLUDE_IN_FRAMEWORK_HEADER = YES;
				CLANG_WARN_RANGE_LOOP_ANALYSIS = YES;
				CLANG_WARN_STRICT_PROTOTYPES = YES;
				CLANG_WARN_SUSPICIOUS_MOVE = YES;
				CLANG_WARN_UNGUARDED_AVAILABILITY = YES_AGGRESSIVE;
				CLANG_WARN_UNREACHABLE_CODE = YES;
				CLANG_WARN__DUPLICATE_METHOD_MATCH = YES;
				COPY_PHASE_STRIP = NO;
				DEBUG_INFORMATION_FORMAT = "dwarf-with-dsym";
				ENABLE_NS_ASSERTIONS = NO;
				ENABLE_STRICT_OBJC_MSGSEND = YES;
				GCC_C_LANGUAGE_STANDARD = gnu11;
				GCC_NO_COMMON_BLOCKS = YES;
				GCC_WARN_64_TO_32_BIT_CONVERSION = YES;
				GCC_WARN_ABOUT_RETURN_TYPE = YES_ERROR;
				GCC_WARN_UNDECLARED_SELECTOR = YES;
				GCC_WARN_UNINITIALIZED_AUTOS = YES_AGGRESSIVE;
				GCC_WARN_UNUSED_FUNCTION = YES;
				GCC_WARN_UNUSED_VARIABLE = YES;
				IPHONEOS_DEPLOYMENT_TARGET = 16.4;
				MTL_ENABLE_DEBUG_INFO = NO;
				MTL_FAST_MATH = YES;
				SDKROOT = iphoneos;
				SWIFT_COMPILATION_MODE = wholemodule;
				SWIFT_OPTIMIZATION_LEVEL = "-O";
				VALIDATE_PRODUCT = YES;
			};
			name = Release;
		};
		998B2DF32AE82F5A0088126C /* Debug */ = {
			isa = XCBuildConfiguration;
			buildSettings = {
				ASSETCATALOG_COMPILER_APPICON_NAME = AppIcon;
				ASSETCATALOG_COMPILER_GLOBAL_ACCENT_COLOR_NAME = AccentColor;
				CODE_SIGN_STYLE = Automatic;
				CURRENT_PROJECT_VERSION = 1;
				DEVELOPMENT_ASSET_PATHS = "\"profaile/Preview Content\"";
				DEVELOPMENT_TEAM = 56P48H3M35;
				ENABLE_PREVIEWS = YES;
				GENERATE_INFOPLIST_FILE = YES;
				INFOPLIST_KEY_UIApplicationSceneManifest_Generation = YES;
				INFOPLIST_KEY_UIApplicationSupportsIndirectInputEvents = YES;
				INFOPLIST_KEY_UILaunchScreen_Generation = YES;
				INFOPLIST_KEY_UISupportedInterfaceOrientations_iPad = "UIInterfaceOrientationPortrait UIInterfaceOrientationPortraitUpsideDown UIInterfaceOrientationLandscapeLeft UIInterfaceOrientationLandscapeRight";
				INFOPLIST_KEY_UISupportedInterfaceOrientations_iPhone = "UIInterfaceOrientationPortrait UIInterfaceOrientationLandscapeLeft UIInterfaceOrientationLandscapeRight";
				LD_RUNPATH_SEARCH_PATHS = (
					"$(inherited)",
					"@executable_path/Frameworks",
				);
				MARKETING_VERSION = 1.0;
				PRODUCT_BUNDLE_IDENTIFIER = example.profaile;
				PRODUCT_NAME = "$(TARGET_NAME)";
				SWIFT_EMIT_LOC_STRINGS = YES;
				SWIFT_VERSION = 5.0;
				TARGETED_DEVICE_FAMILY = "1,2";
			};
			name = Debug;
		};
		998B2DF42AE82F5A0088126C /* Release */ = {
			isa = XCBuildConfiguration;
			buildSettings = {
				ASSETCATALOG_COMPILER_APPICON_NAME = AppIcon;
				ASSETCATALOG_COMPILER_GLOBAL_ACCENT_COLOR_NAME = AccentColor;
				CODE_SIGN_STYLE = Automatic;
				CURRENT_PROJECT_VERSION = 1;
				DEVELOPMENT_ASSET_PATHS = "\"profaile/Preview Content\"";
				DEVELOPMENT_TEAM = 56P48H3M35;
				ENABLE_PREVIEWS = YES;
				GENERATE_INFOPLIST_FILE = YES;
				INFOPLIST_KEY_UIApplicationSceneManifest_Generation = YES;
				INFOPLIST_KEY_UIApplicationSupportsIndirectInputEvents = YES;
				INFOPLIST_KEY_UILaunchScreen_Generation = YES;
				INFOPLIST_KEY_UISupportedInterfaceOrientations_iPad = "UIInterfaceOrientationPortrait UIInterfaceOrientationPortraitUpsideDown UIInterfaceOrientationLandscapeLeft UIInterfaceOrientationLandscapeRight";
				INFOPLIST_KEY_UISupportedInterfaceOrientations_iPhone = "UIInterfaceOrientationPortrait UIInterfaceOrientationLandscapeLeft UIInterfaceOrientationLandscapeRight";
				LD_RUNPATH_SEARCH_PATHS = (
					"$(inherited)",
					"@executable_path/Frameworks",
				);
				MARKETING_VERSION = 1.0;
				PRODUCT_BUNDLE_IDENTIFIER = example.profaile;
				PRODUCT_NAME = "$(TARGET_NAME)";
				SWIFT_EMIT_LOC_STRINGS = YES;
				SWIFT_VERSION = 5.0;
				TARGETED_DEVICE_FAMILY = "1,2";
			};
			name = Release;
		};
		998B2DF62AE82F5A0088126C /* Debug */ = {
			isa = XCBuildConfiguration;
			buildSettings = {
				ALWAYS_EMBED_SWIFT_STANDARD_LIBRARIES = YES;
				BUNDLE_LOADER = "$(TEST_HOST)";
				CODE_SIGN_STYLE = Automatic;
				CURRENT_PROJECT_VERSION = 1;
				DEVELOPMENT_TEAM = 56P48H3M35;
				GENERATE_INFOPLIST_FILE = YES;
				IPHONEOS_DEPLOYMENT_TARGET = 16.4;
				MARKETING_VERSION = 1.0;
				PRODUCT_BUNDLE_IDENTIFIER = example.profaileTests;
				PRODUCT_NAME = "$(TARGET_NAME)";
				SWIFT_EMIT_LOC_STRINGS = NO;
				SWIFT_VERSION = 5.0;
				TARGETED_DEVICE_FAMILY = "1,2";
				TEST_HOST = "$(BUILT_PRODUCTS_DIR)/profaile.app/$(BUNDLE_EXECUTABLE_FOLDER_PATH)/profaile";
			};
			name = Debug;
		};
		998B2DF72AE82F5A0088126C /* Release */ = {
			isa = XCBuildConfiguration;
			buildSettings = {
				ALWAYS_EMBED_SWIFT_STANDARD_LIBRARIES = YES;
				BUNDLE_LOADER = "$(TEST_HOST)";
				CODE_SIGN_STYLE = Automatic;
				CURRENT_PROJECT_VERSION = 1;
				DEVELOPMENT_TEAM = 56P48H3M35;
				GENERATE_INFOPLIST_FILE = YES;
				IPHONEOS_DEPLOYMENT_TARGET = 16.4;
				MARKETING_VERSION = 1.0;
				PRODUCT_BUNDLE_IDENTIFIER = example.profaileTests;
				PRODUCT_NAME = "$(TARGET_NAME)";
				SWIFT_EMIT_LOC_STRINGS = NO;
				SWIFT_VERSION = 5.0;
				TARGETED_DEVICE_FAMILY = "1,2";
				TEST_HOST = "$(BUILT_PRODUCTS_DIR)/profaile.app/$(BUNDLE_EXECUTABLE_FOLDER_PATH)/profaile";
			};
			name = Release;
		};
		998B2DF92AE82F5A0088126C /* Debug */ = {
			isa = XCBuildConfiguration;
			buildSettings = {
				ALWAYS_EMBED_SWIFT_STANDARD_LIBRARIES = YES;
				CODE_SIGN_STYLE = Automatic;
				CURRENT_PROJECT_VERSION = 1;
				DEVELOPMENT_TEAM = 56P48H3M35;
				GENERATE_INFOPLIST_FILE = YES;
				MARKETING_VERSION = 1.0;
				PRODUCT_BUNDLE_IDENTIFIER = example.profaileUITests;
				PRODUCT_NAME = "$(TARGET_NAME)";
				SWIFT_EMIT_LOC_STRINGS = NO;
				SWIFT_VERSION = 5.0;
				TARGETED_DEVICE_FAMILY = "1,2";
				TEST_TARGET_NAME = profaile;
			};
			name = Debug;
		};
		998B2DFA2AE82F5A0088126C /* Release */ = {
			isa = XCBuildConfiguration;
			buildSettings = {
				ALWAYS_EMBED_SWIFT_STANDARD_LIBRARIES = YES;
				CODE_SIGN_STYLE = Automatic;
				CURRENT_PROJECT_VERSION = 1;
				DEVELOPMENT_TEAM = 56P48H3M35;
				GENERATE_INFOPLIST_FILE = YES;
				MARKETING_VERSION = 1.0;
				PRODUCT_BUNDLE_IDENTIFIER = example.profaileUITests;
				PRODUCT_NAME = "$(TARGET_NAME)";
				SWIFT_EMIT_LOC_STRINGS = NO;
				SWIFT_VERSION = 5.0;
				TARGETED_DEVICE_FAMILY = "1,2";
				TEST_TARGET_NAME = profaile;
			};
			name = Release;
		};
/* End XCBuildConfiguration section */

/* Begin XCConfigurationList section */
		998B2DC92AE82F570088126C /* Build configuration list for PBXProject "profaile" */ = {
			isa = XCConfigurationList;
			buildConfigurations = (
				998B2DF02AE82F5A0088126C /* Debug */,
				998B2DF12AE82F5A0088126C /* Release */,
			);
			defaultConfigurationIsVisible = 0;
			defaultConfigurationName = Release;
		};
		998B2DF22AE82F5A0088126C /* Build configuration list for PBXNativeTarget "profaile" */ = {
			isa = XCConfigurationList;
			buildConfigurations = (
				998B2DF32AE82F5A0088126C /* Debug */,
				998B2DF42AE82F5A0088126C /* Release */,
			);
			defaultConfigurationIsVisible = 0;
			defaultConfigurationName = Release;
		};
		998B2DF52AE82F5A0088126C /* Build configuration list for PBXNativeTarget "profaileTests" */ = {
			isa = XCConfigurationList;
			buildConfigurations = (
				998B2DF62AE82F5A0088126C /* Debug */,
				998B2DF72AE82F5A0088126C /* Release */,
			);
			defaultConfigurationIsVisible = 0;
			defaultConfigurationName = Release;
		};
		998B2DF82AE82F5A0088126C /* Build configuration list for PBXNativeTarget "profaileUITests" */ = {
			isa = XCConfigurationList;
			buildConfigurations = (
				998B2DF92AE82F5A0088126C /* Debug */,
				998B2DFA2AE82F5A0088126C /* Release */,
			);
			defaultConfigurationIsVisible = 0;
			defaultConfigurationName = Release;
		};
/* End XCConfigurationList section */
	};
	rootObject = 998B2DC62AE82F570088126C /* Project object */;
}
